
Microsoft Visual Studio Solution File, Format Version 12.00
# Visual Studio Version 16
VisualStudioVersion = 16.0.30611.23
MinimumVisualStudioVersion = 10.0.40219.1
Project("{FAE04EC0-301F-11D3-BF4B-00C04F79EFBC}") = "KátaiMárkViktor_GBJ0CK", "KátaiMárkViktor_GBJ0CK\KátaiMárkViktor_GBJ0CK.csproj", "{683D64B4-AAC4-436F-8E2F-95D1ECCFBD6B}"
EndProject
Global
	GlobalSection(SolutionConfigurationPlatforms) = preSolution
		Debug|Any CPU = Debug|Any CPU
		Release|Any CPU = Release|Any CPU
	EndGlobalSection
	GlobalSection(ProjectConfigurationPlatforms) = postSolution
		{683D64B4-AAC4-436F-8E2F-95D1ECCFBD6B}.Debug|Any CPU.ActiveCfg = Debug|Any CPU
		{683D64B4-AAC4-436F-8E2F-95D1ECCFBD6B}.Debug|Any CPU.Build.0 = Debug|Any CPU
		{683D64B4-AAC4-436F-8E2F-95D1ECCFBD6B}.Release|Any CPU.ActiveCfg = Release|Any CPU
		{683D64B4-AAC4-436F-8E2F-95D1ECCFBD6B}.Release|Any CPU.Build.0 = Release|Any CPU
	EndGlobalSection
	GlobalSection(SolutionProperties) = preSolution
		HideSolutionNode = FALSE
	EndGlobalSection
	GlobalSection(ExtensibilityGlobals) = postSolution
		SolutionGuid = {EC4BCD09-0B6C-43BD-936E-7078AE39A5EC}
	EndGlobalSection
EndGlobal
